Microsoft Visual Studio Solution File, Format Version 12.00
# Visual Studio Version 16
VisualStudioVersion = 16.0.31205.134
MinimumVisualStudioVersion = 10.0.40219.1
Project("{F184B08F-C81C-45F6-A57F-5ABD9991F28F}") = "AK56597_Av2", "AK56597_Av2.vbproj", "{8A1A8A1E-EA1B-45B0-9B78-01122145BC9B}"
EndProject
Global
	GlobalSection(SolutionConfigurationPlatforms) = preSolution
		Debug|Any CPU = Debug|Any CPU
		Release|Any CPU = Release|Any CPU
	EndGlobalSection
	GlobalSection(ProjectConfigurationPlatforms) = postSolution
		{8A1A8A1E-EA1B-45B0-9B78-01122145BC9B}.Debug|Any CPU.ActiveCfg = Debug|Any CPU
		{8A1A8A1E-EA1B-45B0-9B78-01122145BC9B}.Debug|Any CPU.Build.0 = Debug|Any CPU
		{8A1A8A1E-EA1B-45B0-9B78-01122145BC9B}.Release|Any CPU.ActiveCfg = Debug|Any CPU
		{8A1A8A1E-EA1B-45B0-9B78-01122145BC9B}.Release|Any CPU.Build.0 = Debug|Any CPU
	EndGlobalSection
	GlobalSection(SolutionProperties) = preSolution
		HideSolutionNode = FALSE
	EndGlobalSection
	GlobalSection(ExtensibilityGlobals) = postSolution
		SolutionGuid = {D8322556-767E-4C93-9D19-0D4A82F237A1}
	EndGlobalSection
EndGlobal
